# This file was autogenerated by Stack.
# You should not edit this file by hand.
# For more information, please see the documentation at:
#   https://docs.haskellstack.org/en/stable/lock_files

packages:
- completed:
    hackage: language-docker-12.1.0@sha256:f95c2ddc9a8a5cf844e3788e8860ca0b1a142deddb4535072c3da4eacd6febd8,4075
    pantry-tree:
      sha256: a98ef74279b946e5485906cbcbd70c2423f155a7bc9ea756100fe6f1b3e8cc7f
      size: 3291
  original:
    hackage: language-docker-12.1.0@sha256:f95c2ddc9a8a5cf844e3788e8860ca0b1a142deddb4535072c3da4eacd6febd8,4075
snapshots:
- completed:
    sha256: b37c0abab16c7de352c45b85f8ecc8530b084209a2c42987a96c92b4a5e3cd65
    size: 648924
    url: https://raw.githubusercontent.com/commercialhaskell/stackage-snapshots/master/lts/20/13.yaml
  original: lts-20.13
