# This file was autogenerated by Stack.
# You should not edit this file by hand.
# For more information, please see the documentation at:
#   https://docs.haskellstack.org/en/stable/lock_files

packages:
- completed:
    hackage: language-docker-10.0.1@sha256:9bd912d88f82b19887cd4d926047a91a4f02883e98e4f515b218dfea2a2a2c68,3324
    pantry-tree:
      sha256: 5ba75a400271816e1b8f61e6aa085873b451a87d0012f1c8e5c7bc1b5d19913c
      size: 2210
  original:
    hackage: language-docker-10.0.1@sha256:9bd912d88f82b19887cd4d926047a91a4f02883e98e4f515b218dfea2a2a2c68,3324
snapshots:
- completed:
    sha256: b37c0abab16c7de352c45b85f8ecc8530b084209a2c42987a96c92b4a5e3cd65
    size: 648924
    url: https://raw.githubusercontent.com/commercialhaskell/stackage-snapshots/master/lts/20/13.yaml
  original: lts-20.13
