# This file was autogenerated by Stack.
# You should not edit this file by hand.
# For more information, please see the documentation at:
#   https://docs.haskellstack.org/en/stable/lock_files

packages:
- completed:
    hackage: language-docker-11.0.0@sha256:3406ff0c1d592490f53ead8cf2cd22bdf3d79fd125ccaf3add683f6d71c24d55,3883
    pantry-tree:
      sha256: c268e7e4fd5aef20fe0f861820afd1954366bec0a533fb91c101b326cb50e793
      size: 2895
  original:
    hackage: language-docker-11.0.0@sha256:3406ff0c1d592490f53ead8cf2cd22bdf3d79fd125ccaf3add683f6d71c24d55,3883
snapshots:
- completed:
    sha256: b37c0abab16c7de352c45b85f8ecc8530b084209a2c42987a96c92b4a5e3cd65
    size: 648924
    url: https://raw.githubusercontent.com/commercialhaskell/stackage-snapshots/master/lts/20/13.yaml
  original: lts-20.13
